
Microsoft Visual Studio Solution File, Format Version 12.00
# Visual Studio Version 17
VisualStudioVersion = 17.9.34714.143
MinimumVisualStudioVersion = 10.0.40219.1
Project("{FAE04EC0-301F-11D3-BF4B-00C04F79EFBC}") = "Music_app", "Music_app\Music_app.csproj", "{E705F7FD-04DE-4B08-A06E-A05EB7B3F7BA}"
EndProject
Global
	GlobalSection(SolutionConfigurationPlatforms) = preSolution
		Debug|Any CPU = Debug|Any CPU
		Release|Any CPU = Release|Any CPU
	EndGlobalSection
	GlobalSection(ProjectConfigurationPlatforms) = postSolution
		{E705F7FD-04DE-4B08-A06E-A05EB7B3F7BA}.Debug|Any CPU.ActiveCfg = Debug|Any CPU
		{E705F7FD-04DE-4B08-A06E-A05EB7B3F7BA}.Debug|Any CPU.Build.0 = Debug|Any CPU
		{E705F7FD-04DE-4B08-A06E-A05EB7B3F7BA}.Release|Any CPU.ActiveCfg = Release|Any CPU
		{E705F7FD-04DE-4B08-A06E-A05EB7B3F7BA}.Release|Any CPU.Build.0 = Release|Any CPU
	EndGlobalSection
	GlobalSection(SolutionProperties) = preSolution
		HideSolutionNode = FALSE
	EndGlobalSection
	GlobalSection(ExtensibilityGlobals) = postSolution
		SolutionGuid = {459B0AD5-BD09-484C-96CA-67E1E8439831}
	EndGlobalSection
EndGlobal
